// !$*UTF8*$!
{
	archiveVersion = 1;
	classes = {
	};
	objectVersion = 55;
	objects = {

/* Begin PBXBuildFile section */
		87034DA128240E7E000A7FD5 /* PaceCalculatorView.swift in Sources */ = {isa = PBXBuildFile; fileRef = 87034DA028240E7E000A7FD5 /* PaceCalculatorView.swift */; };
		8717101A28299EA3003558E5 /* PaceCalculator-ViewModel.swift in Sources */ = {isa = PBXBuildFile; fileRef = 8717101928299EA3003558E5 /* PaceCalculator-ViewModel.swift */; };
		871947BF2829512C00BE4CCE /* RaceDateCalculator-ViewModel.swift in Sources */ = {isa = PBXBuildFile; fileRef = 871947BE2829512C00BE4CCE /* RaceDateCalculator-ViewModel.swift */; };
		871947C22829515D00BE4CCE /* RaceDateCalculatorView.swift in Sources */ = {isa = PBXBuildFile; fileRef = 871947C12829515D00BE4CCE /* RaceDateCalculatorView.swift */; };
		872FD505282A95CB00A3C702 /* TextFieldDynamicWidth.swift in Sources */ = {isa = PBXBuildFile; fileRef = 872FD504282A95CB00A3C702 /* TextFieldDynamicWidth.swift */; };
		8776544C281F6162002ADFAE /* RacesView.swift in Sources */ = {isa = PBXBuildFile; fileRef = 8776544B281F6162002ADFAE /* RacesView.swift */; };
		8776544E281F6231002ADFAE /* AddRaceView.swift in Sources */ = {isa = PBXBuildFile; fileRef = 8776544D281F6231002ADFAE /* AddRaceView.swift */; };
		87765451281F663C002ADFAE /* Main.xcdatamodeld in Sources */ = {isa = PBXBuildFile; fileRef = 8776544F281F663C002ADFAE /* Main.xcdatamodeld */; };
		87765453281F6BDD002ADFAE /* DataController.swift in Sources */ = {isa = PBXBuildFile; fileRef = 87765452281F6BDD002ADFAE /* DataController.swift */; };
		87B639ED2850B79300D2FCAE /* Pace.swift in Sources */ = {isa = PBXBuildFile; fileRef = 87B639EC2850B79300D2FCAE /* Pace.swift */; };
		87B639EF2850B85F00D2FCAE /* RaceRow.swift in Sources */ = {isa = PBXBuildFile; fileRef = 87B639EE2850B85F00D2FCAE /* RaceRow.swift */; };
		87D063F2281BFC9600947806 /* RaceToolsApp.swift in Sources */ = {isa = PBXBuildFile; fileRef = 87D063F1281BFC9600947806 /* RaceToolsApp.swift */; };
		87D063F4281BFC9600947806 /* ContentView.swift in Sources */ = {isa = PBXBuildFile; fileRef = 87D063F3281BFC9600947806 /* ContentView.swift */; };
		87D063F6281BFC9700947806 /* Assets.xcassets in Resources */ = {isa = PBXBuildFile; fileRef = 87D063F5281BFC9700947806 /* Assets.xcassets */; };
		87D063F9281BFC9700947806 /* Preview Assets.xcassets in Resources */ = {isa = PBXBuildFile; fileRef = 87D063F8281BFC9700947806 /* Preview Assets.xcassets */; };
		87E168E82822C72D00A2F936 /* Race-CoreDataHelpers.swift in Sources */ = {isa = PBXBuildFile; fileRef = 87E168E72822C72D00A2F936 /* Race-CoreDataHelpers.swift */; };
		87E168EB2822CA5D00A2F936 /* RaceView.swift in Sources */ = {isa = PBXBuildFile; fileRef = 87E168EA2822CA5D00A2F936 /* RaceView.swift */; };
		A5E5FE072857D0CB00F9B127 /* CalendarView.swift in Sources */ = {isa = PBXBuildFile; fileRef = A5E5FE062857D0CB00F9B127 /* CalendarView.swift */; };
/* End PBXBuildFile section */

/* Begin PBXFileReference section */
		87034DA028240E7E000A7FD5 /* PaceCalculatorView.swift */ = {isa = PBXFileReference; lastKnownFileType = sourcecode.swift; path = PaceCalculatorView.swift; sourceTree = "<group>"; };
		8717101928299EA3003558E5 /* PaceCalculator-ViewModel.swift */ = {isa = PBXFileReference; lastKnownFileType = sourcecode.swift; path = "PaceCalculator-ViewModel.swift"; sourceTree = "<group>"; };
		871947BE2829512C00BE4CCE /* RaceDateCalculator-ViewModel.swift */ = {isa = PBXFileReference; lastKnownFileType = sourcecode.swift; path = "RaceDateCalculator-ViewModel.swift"; sourceTree = "<group>"; };
		871947C12829515D00BE4CCE /* RaceDateCalculatorView.swift */ = {isa = PBXFileReference; lastKnownFileType = sourcecode.swift; path = RaceDateCalculatorView.swift; sourceTree = "<group>"; };
		872FD504282A95CB00A3C702 /* TextFieldDynamicWidth.swift */ = {isa = PBXFileReference; lastKnownFileType = sourcecode.swift; path = TextFieldDynamicWidth.swift; sourceTree = "<group>"; };
		8776544B281F6162002ADFAE /* RacesView.swift */ = {isa = PBXFileReference; lastKnownFileType = sourcecode.swift; path = RacesView.swift; sourceTree = "<group>"; };
		8776544D281F6231002ADFAE /* AddRaceView.swift */ = {isa = PBXFileReference; lastKnownFileType = sourcecode.swift; path = AddRaceView.swift; sourceTree = "<group>"; };
		87765450281F663C002ADFAE /* Main.xcdatamodel */ = {isa = PBXFileReference; lastKnownFileType = wrapper.xcdatamodel; path = Main.xcdatamodel; sourceTree = "<group>"; };
		87765452281F6BDD002ADFAE /* DataController.swift */ = {isa = PBXFileReference; lastKnownFileType = sourcecode.swift; path = DataController.swift; sourceTree = "<group>"; };
		87B639EC2850B79300D2FCAE /* Pace.swift */ = {isa = PBXFileReference; lastKnownFileType = sourcecode.swift; path = Pace.swift; sourceTree = "<group>"; };
		87B639EE2850B85F00D2FCAE /* RaceRow.swift */ = {isa = PBXFileReference; lastKnownFileType = sourcecode.swift; path = RaceRow.swift; sourceTree = "<group>"; };
		87D063EE281BFC9600947806 /* RaceTools.app */ = {isa = PBXFileReference; explicitFileType = wrapper.application; includeInIndex = 0; path = RaceTools.app; sourceTree = BUILT_PRODUCTS_DIR; };
		87D063F1281BFC9600947806 /* RaceToolsApp.swift */ = {isa = PBXFileReference; lastKnownFileType = sourcecode.swift; path = RaceToolsApp.swift; sourceTree = "<group>"; };
		87D063F3281BFC9600947806 /* ContentView.swift */ = {isa = PBXFileReference; lastKnownFileType = sourcecode.swift; path = ContentView.swift; sourceTree = "<group>"; };
		87D063F5281BFC9700947806 /* Assets.xcassets */ = {isa = PBXFileReference; lastKnownFileType = folder.assetcatalog; path = Assets.xcassets; sourceTree = "<group>"; };
		87D063F8281BFC9700947806 /* Preview Assets.xcassets */ = {isa = PBXFileReference; lastKnownFileType = folder.assetcatalog; path = "Preview Assets.xcassets"; sourceTree = "<group>"; };
		87E168E72822C72D00A2F936 /* Race-CoreDataHelpers.swift */ = {isa = PBXFileReference; lastKnownFileType = sourcecode.swift; path = "Race-CoreDataHelpers.swift"; sourceTree = "<group>"; };
		87E168EA2822CA5D00A2F936 /* RaceView.swift */ = {isa = PBXFileReference; lastKnownFileType = sourcecode.swift; path = RaceView.swift; sourceTree = "<group>"; };
		A5E5FE062857D0CB00F9B127 /* CalendarView.swift */ = {isa = PBXFileReference; lastKnownFileType = sourcecode.swift; path = CalendarView.swift; sourceTree = "<group>"; };
/* End PBXFileReference section */

/* Begin PBXFrameworksBuildPhase section */
		87D063EB281BFC9600947806 /* Frameworks */ = {
			isa = PBXFrameworksBuildPhase;
			buildActionMask = 2147483647;
			files = (
			);
			runOnlyForDeploymentPostprocessing = 0;
		};
/* End PBXFrameworksBuildPhase section */

/* Begin PBXGroup section */
		871947C02829513500BE4CCE /* View-Models */ = {
			isa = PBXGroup;
			children = (
				871947BE2829512C00BE4CCE /* RaceDateCalculator-ViewModel.swift */,
				8717101928299EA3003558E5 /* PaceCalculator-ViewModel.swift */,
			);
			path = "View-Models";
			sourceTree = "<group>";
		};
		8776544A281F604D002ADFAE /* Views */ = {
			isa = PBXGroup;
			children = (
				87D063F3281BFC9600947806 /* ContentView.swift */,
				87034DA028240E7E000A7FD5 /* PaceCalculatorView.swift */,
				A5E5FE062857D0CB00F9B127 /* CalendarView.swift */,
				8776544B281F6162002ADFAE /* RacesView.swift */,
				87B639EE2850B85F00D2FCAE /* RaceRow.swift */,
				87E168EA2822CA5D00A2F936 /* RaceView.swift */,
				8776544D281F6231002ADFAE /* AddRaceView.swift */,
				871947C12829515D00BE4CCE /* RaceDateCalculatorView.swift */,
			);
			path = Views;
			sourceTree = "<group>";
		};
		87D063E5281BFC9600947806 = {
			isa = PBXGroup;
			children = (
				87D063F0281BFC9600947806 /* RaceTools */,
				87D063EF281BFC9600947806 /* Products */,
			);
			sourceTree = "<group>";
		};
		87D063EF281BFC9600947806 /* Products */ = {
			isa = PBXGroup;
			children = (
				87D063EE281BFC9600947806 /* RaceTools.app */,
			);
			name = Products;
			sourceTree = "<group>";
		};
		87D063F0281BFC9600947806 /* RaceTools */ = {
			isa = PBXGroup;
			children = (
				87D063F1281BFC9600947806 /* RaceToolsApp.swift */,
				872FD504282A95CB00A3C702 /* TextFieldDynamicWidth.swift */,
				8776544A281F604D002ADFAE /* Views */,
				871947C02829513500BE4CCE /* View-Models */,
				87E168E92822C86A00A2F936 /* Data */,
				87D063F7281BFC9700947806 /* Preview Content */,
			);
			path = RaceTools;
			sourceTree = "<group>";
		};
		87D063F7281BFC9700947806 /* Preview Content */ = {
			isa = PBXGroup;
			children = (
				87D063F8281BFC9700947806 /* Preview Assets.xcassets */,
			);
			path = "Preview Content";
			sourceTree = "<group>";
		};
		87E168E92822C86A00A2F936 /* Data */ = {
			isa = PBXGroup;
			children = (
				87B639EC2850B79300D2FCAE /* Pace.swift */,
				8776544F281F663C002ADFAE /* Main.xcdatamodeld */,
				87E168E72822C72D00A2F936 /* Race-CoreDataHelpers.swift */,
				87765452281F6BDD002ADFAE /* DataController.swift */,
				87D063F5281BFC9700947806 /* Assets.xcassets */,
			);
			path = Data;
			sourceTree = "<group>";
		};
/* End PBXGroup section */

/* Begin PBXNativeTarget section */
		87D063ED281BFC9600947806 /* RaceTools */ = {
			isa = PBXNativeTarget;
			buildConfigurationList = 87D063FC281BFC9700947806 /* Build configuration list for PBXNativeTarget "RaceTools" */;
			buildPhases = (
				87D063EA281BFC9600947806 /* Sources */,
				87D063EB281BFC9600947806 /* Frameworks */,
				87D063EC281BFC9600947806 /* Resources */,
			);
			buildRules = (
			);
			dependencies = (
			);
			name = RaceTools;
			productName = RaceTools;
			productReference = 87D063EE281BFC9600947806 /* RaceTools.app */;
			productType = "com.apple.product-type.application";
		};
/* End PBXNativeTarget section */

/* Begin PBXProject section */
		87D063E6281BFC9600947806 /* Project object */ = {
			isa = PBXProject;
			attributes = {
				BuildIndependentTargetsInParallel = 1;
				LastSwiftUpdateCheck = 1320;
				LastUpgradeCheck = 1320;
				TargetAttributes = {
					87D063ED281BFC9600947806 = {
						CreatedOnToolsVersion = 13.2.1;
					};
				};
			};
			buildConfigurationList = 87D063E9281BFC9600947806 /* Build configuration list for PBXProject "RaceTools" */;
			compatibilityVersion = "Xcode 13.0";
			developmentRegion = en;
			hasScannedForEncodings = 0;
			knownRegions = (
				en,
				Base,
			);
			mainGroup = 87D063E5281BFC9600947806;
			productRefGroup = 87D063EF281BFC9600947806 /* Products */;
			projectDirPath = "";
			projectRoot = "";
			targets = (
				87D063ED281BFC9600947806 /* RaceTools */,
			);
		};
/* End PBXProject section */

/* Begin PBXResourcesBuildPhase section */
		87D063EC281BFC9600947806 /* Resources */ = {
			isa = PBXResourcesBuildPhase;
			buildActionMask = 2147483647;
			files = (
				87D063F9281BFC9700947806 /* Preview Assets.xcassets in Resources */,
				87D063F6281BFC9700947806 /* Assets.xcassets in Resources */,
			);
			runOnlyForDeploymentPostprocessing = 0;
		};
/* End PBXResourcesBuildPhase section */

/* Begin PBXSourcesBuildPhase section */
		87D063EA281BFC9600947806 /* Sources */ = {
			isa = PBXSourcesBuildPhase;
			buildActionMask = 2147483647;
			files = (
				87E168E82822C72D00A2F936 /* Race-CoreDataHelpers.swift in Sources */,
				871947C22829515D00BE4CCE /* RaceDateCalculatorView.swift in Sources */,
				A5E5FE072857D0CB00F9B127 /* CalendarView.swift in Sources */,
				87D063F4281BFC9600947806 /* ContentView.swift in Sources */,
				87B639EF2850B85F00D2FCAE /* RaceRow.swift in Sources */,
				87765453281F6BDD002ADFAE /* DataController.swift in Sources */,
				87034DA128240E7E000A7FD5 /* PaceCalculatorView.swift in Sources */,
				8717101A28299EA3003558E5 /* PaceCalculator-ViewModel.swift in Sources */,
				8776544C281F6162002ADFAE /* RacesView.swift in Sources */,
				871947BF2829512C00BE4CCE /* RaceDateCalculator-ViewModel.swift in Sources */,
				87B639ED2850B79300D2FCAE /* Pace.swift in Sources */,
				87D063F2281BFC9600947806 /* RaceToolsApp.swift in Sources */,
				872FD505282A95CB00A3C702 /* TextFieldDynamicWidth.swift in Sources */,
				8776544E281F6231002ADFAE /* AddRaceView.swift in Sources */,
				87765451281F663C002ADFAE /* Main.xcdatamodeld in Sources */,
				87E168EB2822CA5D00A2F936 /* RaceView.swift in Sources */,
			);
			runOnlyForDeploymentPostprocessing = 0;
		};
/* End PBXSourcesBuildPhase section */

/* Begin XCBuildConfiguration section */
		87D063FA281BFC9700947806 /* Debug */ = {
			isa = XCBuildConfiguration;
			buildSettings = {
				ALWAYS_SEARCH_USER_PATHS = NO;
				CLANG_ANALYZER_NONNULL = YES;
				CLANG_ANALYZER_NUMBER_OBJECT_CONVERSION = YES_AGGRESSIVE;
				CLANG_CXX_LANGUAGE_STANDARD = "gnu++17";
				CLANG_CXX_LIBRARY = "libc++";
				CLANG_ENABLE_MODULES = YES;
				CLANG_ENABLE_OBJC_ARC = YES;
				CLANG_ENABLE_OBJC_WEAK = YES;
				CLANG_WARN_BLOCK_CAPTURE_AUTORELEASING = YES;
				CLANG_WARN_BOOL_CONVERSION = YES;
				CLANG_WARN_COMMA = YES;
				CLANG_WARN_CONSTANT_CONVERSION = YES;
				CLANG_WARN_DEPRECATED_OBJC_IMPLEMENTATIONS = YES;
				CLANG_WARN_DIRECT_OBJC_ISA_USAGE = YES_ERROR;
				CLANG_WARN_DOCUMENTATION_COMMENTS = YES;
				CLANG_WARN_EMPTY_BODY = YES;
				CLANG_WARN_ENUM_CONVERSION = YES;
				CLANG_WARN_INFINITE_RECURSION = YES;
				CLANG_WARN_INT_CONVERSION = YES;
				CLANG_WARN_NON_LITERAL_NULL_CONVERSION = YES;
				CLANG_WARN_OBJC_IMPLICIT_RETAIN_SELF = YES;
				CLANG_WARN_OBJC_LITERAL_CONVERSION = YES;
				CLANG_WARN_OBJC_ROOT_CLASS = YES_ERROR;
				CLANG_WARN_QUOTED_INCLUDE_IN_FRAMEWORK_HEADER = YES;
				CLANG_WARN_RANGE_LOOP_ANALYSIS = YES;
				CLANG_WARN_STRICT_PROTOTYPES = YES;
				CLANG_WARN_SUSPICIOUS_MOVE = YES;
				CLANG_WARN_UNGUARDED_AVAILABILITY = YES_AGGRESSIVE;
				CLANG_WARN_UNREACHABLE_CODE = YES;
				CLANG_WARN__DUPLICATE_METHOD_MATCH = YES;
				COPY_PHASE_STRIP = NO;
				DEBUG_INFORMATION_FORMAT = dwarf;
				ENABLE_STRICT_OBJC_MSGSEND = YES;
				ENABLE_TESTABILITY = YES;
				GCC_C_LANGUAGE_STANDARD = gnu11;
				GCC_DYNAMIC_NO_PIC = NO;
				GCC_NO_COMMON_BLOCKS = YES;
				GCC_OPTIMIZATION_LEVEL = 0;
				GCC_PREPROCESSOR_DEFINITIONS = (
					"DEBUG=1",
					"$(inherited)",
				);
				GCC_WARN_64_TO_32_BIT_CONVERSION = YES;
				GCC_WARN_ABOUT_RETURN_TYPE = YES_ERROR;
				GCC_WARN_UNDECLARED_SELECTOR = YES;
				GCC_WARN_UNINITIALIZED_AUTOS = YES_AGGRESSIVE;
				GCC_WARN_UNUSED_FUNCTION = YES;
				GCC_WARN_UNUSED_VARIABLE = YES;
				IPHONEOS_DEPLOYMENT_TARGET = 15.4;
				MTL_ENABLE_DEBUG_INFO = INCLUDE_SOURCE;
				MTL_FAST_MATH = YES;
				ONLY_ACTIVE_ARCH = YES;
				SDKROOT = iphoneos;
				SWIFT_ACTIVE_COMPILATION_CONDITIONS = DEBUG;
				SWIFT_OPTIMIZATION_LEVEL = "-Onone";
			};
			name = Debug;
		};
		87D063FB281BFC9700947806 /* Release */ = {
			isa = XCBuildConfiguration;
			buildSettings = {
				ALWAYS_SEARCH_USER_PATHS = NO;
				CLANG_ANALYZER_NONNULL = YES;
				CLANG_ANALYZER_NUMBER_OBJECT_CONVERSION = YES_AGGRESSIVE;
				CLANG_CXX_LANGUAGE_STANDARD = "gnu++17";
				CLANG_CXX_LIBRARY = "libc++";
				CLANG_ENABLE_MODULES = YES;
				CLANG_ENABLE_OBJC_ARC = YES;
				CLANG_ENABLE_OBJC_WEAK = YES;
				CLANG_WARN_BLOCK_CAPTURE_AUTORELEASING = YES;
				CLANG_WARN_BOOL_CONVERSION = YES;
				CLANG_WARN_COMMA = YES;
				CLANG_WARN_CONSTANT_CONVERSION = YES;
				CLANG_WARN_DEPRECATED_OBJC_IMPLEMENTATIONS = YES;
				CLANG_WARN_DIRECT_OBJC_ISA_USAGE = YES_ERROR;
				CLANG_WARN_DOCUMENTATION_COMMENTS = YES;
				CLANG_WARN_EMPTY_BODY = YES;
				CLANG_WARN_ENUM_CONVERSION = YES;
				CLANG_WARN_INFINITE_RECURSION = YES;
				CLANG_WARN_INT_CONVERSION = YES;
				CLANG_WARN_NON_LITERAL_NULL_CONVERSION = YES;
				CLANG_WARN_OBJC_IMPLICIT_RETAIN_SELF = YES;
				CLANG_WARN_OBJC_LITERAL_CONVERSION = YES;
				CLANG_WARN_OBJC_ROOT_CLASS = YES_ERROR;
				CLANG_WARN_QUOTED_INCLUDE_IN_FRAMEWORK_HEADER = YES;
				CLANG_WARN_RANGE_LOOP_ANALYSIS = YES;
				CLANG_WARN_STRICT_PROTOTYPES = YES;
				CLANG_WARN_SUSPICIOUS_MOVE = YES;
				CLANG_WARN_UNGUARDED_AVAILABILITY = YES_AGGRESSIVE;
				CLANG_WARN_UNREACHABLE_CODE = YES;
				CLANG_WARN__DUPLICATE_METHOD_MATCH = YES;
				COPY_PHASE_STRIP = NO;
				DEBUG_INFORMATION_FORMAT = "dwarf-with-dsym";
				ENABLE_NS_ASSERTIONS = NO;
				ENABLE_STRICT_OBJC_MSGSEND = YES;
				GCC_C_LANGUAGE_STANDARD = gnu11;
				GCC_NO_COMMON_BLOCKS = YES;
				GCC_WARN_64_TO_32_BIT_CONVERSION = YES;
				GCC_WARN_ABOUT_RETURN_TYPE = YES_ERROR;
				GCC_WARN_UNDECLARED_SELECTOR = YES;
				GCC_WARN_UNINITIALIZED_AUTOS = YES_AGGRESSIVE;
				GCC_WARN_UNUSED_FUNCTION = YES;
				GCC_WARN_UNUSED_VARIABLE = YES;
				IPHONEOS_DEPLOYMENT_TARGET = 15.4;
				MTL_ENABLE_DEBUG_INFO = NO;
				MTL_FAST_MATH = YES;
				SDKROOT = iphoneos;
				SWIFT_COMPILATION_MODE = wholemodule;
				SWIFT_OPTIMIZATION_LEVEL = "-O";
				VALIDATE_PRODUCT = YES;
			};
			name = Release;
		};
		87D063FD281BFC9700947806 /* Debug */ = {
			isa = XCBuildConfiguration;
			buildSettings = {
				ASSETCATALOG_COMPILER_APPICON_NAME = AppIcon;
				ASSETCATALOG_COMPILER_GLOBAL_ACCENT_COLOR_NAME = AccentColor;
				CODE_SIGN_STYLE = Automatic;
				CURRENT_PROJECT_VERSION = 1;
				DEVELOPMENT_ASSET_PATHS = "\"RaceTools/Preview Content\"";
				DEVELOPMENT_TEAM = 52XE3E2L4S;
				ENABLE_PREVIEWS = YES;
				GENERATE_INFOPLIST_FILE = YES;
				INFOPLIST_KEY_UIApplicationSceneManifest_Generation = YES;
				INFOPLIST_KEY_UIApplicationSupportsIndirectInputEvents = YES;
				INFOPLIST_KEY_UILaunchScreen_Generation = YES;
				INFOPLIST_KEY_UISupportedInterfaceOrientations_iPad = "UIInterfaceOrientationPortrait UIInterfaceOrientationPortraitUpsideDown UIInterfaceOrientationLandscapeLeft UIInterfaceOrientationLandscapeRight";
				INFOPLIST_KEY_UISupportedInterfaceOrientations_iPhone = "UIInterfaceOrientationPortrait UIInterfaceOrientationLandscapeLeft UIInterfaceOrientationLandscapeRight";
				IPHONEOS_DEPLOYMENT_TARGET = 15.2;
				LD_RUNPATH_SEARCH_PATHS = (
					"$(inherited)",
					"@executable_path/Frameworks",
				);
				MARKETING_VERSION = 1.0;
				PRODUCT_BUNDLE_IDENTIFIER = info.jakesmith.RaceTools;
				PRODUCT_NAME = "$(TARGET_NAME)";
				SWIFT_EMIT_LOC_STRINGS = YES;
				SWIFT_VERSION = 5.0;
				TARGETED_DEVICE_FAMILY = "1,2";
			};
			name = Debug;
		};
		87D063FE281BFC9700947806 /* Release */ = {
			isa = XCBuildConfiguration;
			buildSettings = {
				ASSETCATALOG_COMPILER_APPICON_NAME = AppIcon;
				ASSETCATALOG_COMPILER_GLOBAL_ACCENT_COLOR_NAME = AccentColor;
				CODE_SIGN_STYLE = Automatic;
				CURRENT_PROJECT_VERSION = 1;
				DEVELOPMENT_ASSET_PATHS = "\"RaceTools/Preview Content\"";
				DEVELOPMENT_TEAM = 52XE3E2L4S;
				ENABLE_PREVIEWS = YES;
				GENERATE_INFOPLIST_FILE = YES;
				INFOPLIST_KEY_UIApplicationSceneManifest_Generation = YES;
				INFOPLIST_KEY_UIApplicationSupportsIndirectInputEvents = YES;
				INFOPLIST_KEY_UILaunchScreen_Generation = YES;
				INFOPLIST_KEY_UISupportedInterfaceOrientations_iPad = "UIInterfaceOrientationPortrait UIInterfaceOrientationPortraitUpsideDown UIInterfaceOrientationLandscapeLeft UIInterfaceOrientationLandscapeRight";
				INFOPLIST_KEY_UISupportedInterfaceOrientations_iPhone = "UIInterfaceOrientationPortrait UIInterfaceOrientationLandscapeLeft UIInterfaceOrientationLandscapeRight";
				IPHONEOS_DEPLOYMENT_TARGET = 15.2;
				LD_RUNPATH_SEARCH_PATHS = (
					"$(inherited)",
					"@executable_path/Frameworks",
				);
				MARKETING_VERSION = 1.0;
				PRODUCT_BUNDLE_IDENTIFIER = info.jakesmith.RaceTools;
				PRODUCT_NAME = "$(TARGET_NAME)";
				SWIFT_EMIT_LOC_STRINGS = YES;
				SWIFT_VERSION = 5.0;
				TARGETED_DEVICE_FAMILY = "1,2";
			};
			name = Release;
		};
/* End XCBuildConfiguration section */

/* Begin XCConfigurationList section */
		87D063E9281BFC9600947806 /* Build configuration list for PBXProject "RaceTools" */ = {
			isa = XCConfigurationList;
			buildConfigurations = (
				87D063FA281BFC9700947806 /* Debug */,
				87D063FB281BFC9700947806 /* Release */,
			);
			defaultConfigurationIsVisible = 0;
			defaultConfigurationName = Release;
		};
		87D063FC281BFC9700947806 /* Build configuration list for PBXNativeTarget "RaceTools" */ = {
			isa = XCConfigurationList;
			buildConfigurations = (
				87D063FD281BFC9700947806 /* Debug */,
				87D063FE281BFC9700947806 /* Release */,
			);
			defaultConfigurationIsVisible = 0;
			defaultConfigurationName = Release;
		};
/* End XCConfigurationList section */

/* Begin XCVersionGroup section */
		8776544F281F663C002ADFAE /* Main.xcdatamodeld */ = {
			isa = XCVersionGroup;
			children = (
				87765450281F663C002ADFAE /* Main.xcdatamodel */,
			);
			currentVersion = 87765450281F663C002ADFAE /* Main.xcdatamodel */;
			path = Main.xcdatamodeld;
			sourceTree = "<group>";
			versionGroupType = wrapper.xcdatamodel;
		};
/* End XCVersionGroup section */
	};
	rootObject = 87D063E6281BFC9600947806 /* Project object */;
}
